
Microsoft Visual Studio Solution File, Format Version 12.00
# Visual Studio 2012
Project("{8BC9CEB8-8B4A-11D0-8D11-00A0C91BC942}") = "crashtestdummy", "crashtestdummy\crashtestdummy.vcxproj", "{797978DE-5AC0-4AE5-976D-4A5606526389}"
EndProject
Global
	GlobalSection(SolutionConfigurationPlatforms) = preSolution
		Debug|Win32 = Debug|Win32
		Release|Win32 = Release|Win32
	EndGlobalSection
	GlobalSection(ProjectConfigurationPlatforms) = postSolution
		{797978DE-5AC0-4AE5-976D-4A5606526389}.Debug|Win32.ActiveCfg = Debug|Win32
		{797978DE-5AC0-4AE5-976D-4A5606526389}.Debug|Win32.Build.0 = Debug|Win32
		{797978DE-5AC0-4AE5-976D-4A5606526389}.Release|Win32.ActiveCfg = Release|Win32
		{797978DE-5AC0-4AE5-976D-4A5606526389}.Release|Win32.Build.0 = Release|Win32
	EndGlobalSection
	GlobalSection(SolutionProperties) = preSolution
		HideSolutionNode = FALSE
	EndGlobalSection
EndGlobal
